
Microsoft Visual Studio Solution File, Format Version 12.00
# Visual Studio Version 16
VisualStudioVersion = 16.0.30114.105
MinimumVisualStudioVersion = 10.0.40219.1
Project("{9A19103F-16F7-4668-BE54-9A1E7A4F7556}") = "Application", "App\Application.csproj", "{E22BEF5B-B508-4593-AAA6-4E4B686D1C20}"
EndProject
Project("{9A19103F-16F7-4668-BE54-9A1E7A4F7556}") = "Logging", "Logging\Logging.csproj", "{76947728-44CC-489E-B95A-882254A6870E}"
EndProject
Project("{9A19103F-16F7-4668-BE54-9A1E7A4F7556}") = "UnitTests", "UnitTests\UnitTests.csproj", "{C159585A-33AC-4AAF-8037-2687CC2F3536}"
EndProject
Project("{9A19103F-16F7-4668-BE54-9A1E7A4F7556}") = "IntegrationTests", "IntegrationTests\IntegrationTests.csproj", "{E954457A-E4A6-4253-AF43-757CEBE603A8}"
EndProject
Global
	GlobalSection(SolutionConfigurationPlatforms) = preSolution
		Debug|Any CPU = Debug|Any CPU
		Debug|x64 = Debug|x64
		Debug|x86 = Debug|x86
		Release|Any CPU = Release|Any CPU
		Release|x64 = Release|x64
		Release|x86 = Release|x86
	EndGlobalSection
	GlobalSection(ProjectConfigurationPlatforms) = postSolution
		{E22BEF5B-B508-4593-AAA6-4E4B686D1C20}.Debug|Any CPU.ActiveCfg = Debug|Any CPU
		{E22BEF5B-B508-4593-AAA6-4E4B686D1C20}.Debug|Any CPU.Build.0 = Debug|Any CPU
		{E22BEF5B-B508-4593-AAA6-4E4B686D1C20}.Debug|x64.ActiveCfg = Debug|Any CPU
		{E22BEF5B-B508-4593-AAA6-4E4B686D1C20}.Debug|x64.Build.0 = Debug|Any CPU
		{E22BEF5B-B508-4593-AAA6-4E4B686D1C20}.Debug|x86.ActiveCfg = Debug|Any CPU
		{E22BEF5B-B508-4593-AAA6-4E4B686D1C20}.Debug|x86.Build.0 = Debug|Any CPU
		{E22BEF5B-B508-4593-AAA6-4E4B686D1C20}.Release|Any CPU.ActiveCfg = Release|Any CPU
		{E22BEF5B-B508-4593-AAA6-4E4B686D1C20}.Release|Any CPU.Build.0 = Release|Any CPU
		{E22BEF5B-B508-4593-AAA6-4E4B686D1C20}.Release|x64.ActiveCfg = Release|Any CPU
		{E22BEF5B-B508-4593-AAA6-4E4B686D1C20}.Release|x64.Build.0 = Release|Any CPU
		{E22BEF5B-B508-4593-AAA6-4E4B686D1C20}.Release|x86.ActiveCfg = Release|Any CPU
		{E22BEF5B-B508-4593-AAA6-4E4B686D1C20}.Release|x86.Build.0 = Release|Any CPU
		{76947728-44CC-489E-B95A-882254A6870E}.Debug|Any CPU.ActiveCfg = Debug|Any CPU
		{76947728-44CC-489E-B95A-882254A6870E}.Debug|Any CPU.Build.0 = Debug|Any CPU
		{76947728-44CC-489E-B95A-882254A6870E}.Debug|x64.ActiveCfg = Debug|Any CPU
		{76947728-44CC-489E-B95A-882254A6870E}.Debug|x64.Build.0 = Debug|Any CPU
		{76947728-44CC-489E-B95A-882254A6870E}.Debug|x86.ActiveCfg = Debug|Any CPU
		{76947728-44CC-489E-B95A-882254A6870E}.Debug|x86.Build.0 = Debug|Any CPU
		{76947728-44CC-489E-B95A-882254A6870E}.Release|Any CPU.ActiveCfg = Release|Any CPU
		{76947728-44CC-489E-B95A-882254A6870E}.Release|Any CPU.Build.0 = Release|Any CPU
		{76947728-44CC-489E-B95A-882254A6870E}.Release|x64.ActiveCfg = Release|Any CPU
		{76947728-44CC-489E-B95A-882254A6870E}.Release|x64.Build.0 = Release|Any CPU
		{76947728-44CC-489E-B95A-882254A6870E}.Release|x86.ActiveCfg = Release|Any CPU
		{76947728-44CC-489E-B95A-882254A6870E}.Release|x86.Build.0 = Release|Any CPU
		{C159585A-33AC-4AAF-8037-2687CC2F3536}.Debug|Any CPU.ActiveCfg = Debug|Any CPU
		{C159585A-33AC-4AAF-8037-2687CC2F3536}.Debug|Any CPU.Build.0 = Debug|Any CPU
		{C159585A-33AC-4AAF-8037-2687CC2F3536}.Debug|x64.ActiveCfg = Debug|Any CPU
		{C159585A-33AC-4AAF-8037-2687CC2F3536}.Debug|x64.Build.0 = Debug|Any CPU
		{C159585A-33AC-4AAF-8037-2687CC2F3536}.Debug|x86.ActiveCfg = Debug|Any CPU
		{C159585A-33AC-4AAF-8037-2687CC2F3536}.Debug|x86.Build.0 = Debug|Any CPU
		{C159585A-33AC-4AAF-8037-2687CC2F3536}.Release|Any CPU.ActiveCfg = Release|Any CPU
		{C159585A-33AC-4AAF-8037-2687CC2F3536}.Release|Any CPU.Build.0 = Release|Any CPU
		{C159585A-33AC-4AAF-8037-2687CC2F3536}.Release|x64.ActiveCfg = Release|Any CPU
		{C159585A-33AC-4AAF-8037-2687CC2F3536}.Release|x64.Build.0 = Release|Any CPU
		{C159585A-33AC-4AAF-8037-2687CC2F3536}.Release|x86.ActiveCfg = Release|Any CPU
		{C159585A-33AC-4AAF-8037-2687CC2F3536}.Release|x86.Build.0 = Release|Any CPU
		{E954457A-E4A6-4253-AF43-757CEBE603A8}.Debug|Any CPU.ActiveCfg = Debug|Any CPU
		{E954457A-E4A6-4253-AF43-757CEBE603A8}.Debug|Any CPU.Build.0 = Debug|Any CPU
		{E954457A-E4A6-4253-AF43-757CEBE603A8}.Debug|x64.ActiveCfg = Debug|Any CPU
		{E954457A-E4A6-4253-AF43-757CEBE603A8}.Debug|x64.Build.0 = Debug|Any CPU
		{E954457A-E4A6-4253-AF43-757CEBE603A8}.Debug|x86.ActiveCfg = Debug|Any CPU
		{E954457A-E4A6-4253-AF43-757CEBE603A8}.Debug|x86.Build.0 = Debug|Any CPU
		{E954457A-E4A6-4253-AF43-757CEBE603A8}.Release|Any CPU.ActiveCfg = Release|Any CPU
		{E954457A-E4A6-4253-AF43-757CEBE603A8}.Release|Any CPU.Build.0 = Release|Any CPU
		{E954457A-E4A6-4253-AF43-757CEBE603A8}.Release|x64.ActiveCfg = Release|Any CPU
		{E954457A-E4A6-4253-AF43-757CEBE603A8}.Release|x64.Build.0 = Release|Any CPU
		{E954457A-E4A6-4253-AF43-757CEBE603A8}.Release|x86.ActiveCfg = Release|Any CPU
		{E954457A-E4A6-4253-AF43-757CEBE603A8}.Release|x86.Build.0 = Release|Any CPU
	EndGlobalSection
	GlobalSection(SolutionProperties) = preSolution
		HideSolutionNode = FALSE
	EndGlobalSection
	GlobalSection(ExtensibilityGlobals) = postSolution
		SolutionGuid = {ECA59D5F-37EC-4515-858A-804960132384}
	EndGlobalSection
EndGlobal
